
Microsoft Visual Studio Solution File, Format Version 12.00
Project("{FAE04EC0-301F-11D3-BF4B-00C04F79EFBC}") = "BookTracker", "BookTracker.csproj", "{51DDF525-2522-43D0-A6CB-AC36C7187C12}"
EndProject
Project("{2150E333-8FDC-42A3-9474-1A3956D46DE8}") = "Solution Items", "Solution Items", "{B22E9C56-DB3F-44AC-ADE2-61E20910E3F2}"
	ProjectSection(SolutionItems) = preProject
		compose.yaml = compose.yaml
	EndProjectSection
EndProject
Global
	GlobalSection(SolutionConfigurationPlatforms) = preSolution
		Debug|Any CPU = Debug|Any CPU
		Release|Any CPU = Release|Any CPU
	EndGlobalSection
	GlobalSection(ProjectConfigurationPlatforms) = postSolution
		{51DDF525-2522-43D0-A6CB-AC36C7187C12}.Debug|Any CPU.ActiveCfg = Debug|Any CPU
		{51DDF525-2522-43D0-A6CB-AC36C7187C12}.Debug|Any CPU.Build.0 = Debug|Any CPU
		{51DDF525-2522-43D0-A6CB-AC36C7187C12}.Release|Any CPU.ActiveCfg = Release|Any CPU
		{51DDF525-2522-43D0-A6CB-AC36C7187C12}.Release|Any CPU.Build.0 = Release|Any CPU
	EndGlobalSection
EndGlobal
